<?xml version="1.0" encoding="utf-8"?>
<Project ToolsVersion="4.0" xmlns="http://schemas.microsoft.com/developer/msbuild/2003">
  <ItemGroup>
    <Filter Include="소스 파일">
      <UniqueIdentifier>{4FC737F1-C7A5-4376-A066-2A32D752A2FF}</UniqueIdentifier>
      <Extensions>cpp;c;cc;cxx;c++;cppm;ixx;def;odl;idl;hpj;bat;asm;asmx</Extensions>
    </Filter>
    <Filter Include="헤더 파일">
      <UniqueIdentifier>{93995380-89BD-4b04-88EB-625FBE52EBFB}</UniqueIdentifier>
      <Extensions>h;hh;hpp;hxx;h++;hm;inl;inc;ipp;xsd</Extensions>
    </Filter>
    <Filter Include="리소스 파일">
      <UniqueIdentifier>{67DA6AB6-F800-4c08-8B7A-83BB121AAD01}</UniqueIdentifier>
      <Extensions>rc;ico;cur;bmp;dlg;rc2;rct;bin;rgs;gif;jpg;jpeg;jpe;resx;tiff;tif;png;wav;mfcribbon-ms</Extensions>
    </Filter>
  </ItemGroup>
  <ItemGroup>
    <ClInclude Include="src\demo\benchmarker.h">
      <Filter>소스 파일</Filter>
    </ClInclude>
    <ClInclude Include="src\demo\define.h">
      <Filter>소스 파일</Filter>
    </ClInclude>
    <ClInclude Include="src\demo\demo.h">
      <Filter>소스 파일</Filter>
    </ClInclude>
    <ClInclude Include="src\demo\feeder.h">
      <Filter>소스 파일</Filter>
    </ClInclude>
    <ClInclude Include="src\demo\model.h">
      <Filter>소스 파일</Filter>
    </ClInclude>
    <ClInclude Include="src\demo\post.h">
      <Filter>소스 파일</Filter>
    </ClInclude>
    <ClInclude Include="src\demo\post_ssd.h">
      <Filter>소스 파일</Filter>
    </ClInclude>
    <ClInclude Include="src\demo\post_yolov5.h">
      <Filter>소스 파일</Filter>
    </ClInclude>
    <ClInclude Include="src\demo\post_yolov5_face.h">
      <Filter>소스 파일</Filter>
    </ClInclude>
    <ClInclude Include="src\demo\post_yolov8.h">
      <Filter>소스 파일</Filter>
    </ClInclude>
    <ClInclude Include="src\demo\post_yolov8_pose.h">
      <Filter>소스 파일</Filter>
    </ClInclude>
    <ClInclude Include="src\demo\post_yolov8_seg.h">
      <Filter>소스 파일</Filter>
    </ClInclude>
  </ItemGroup>
  <ItemGroup>
    <ClCompile Include="src\demo\demo.cc">
      <Filter>소스 파일</Filter>
    </ClCompile>
    <ClCompile Include="src\demo\feeder.cc">
      <Filter>소스 파일</Filter>
    </ClCompile>
    <ClCompile Include="src\demo\model.cc">
      <Filter>소스 파일</Filter>
    </ClCompile>
    <ClCompile Include="src\demo\model_inference.cc">
      <Filter>소스 파일</Filter>
    </ClCompile>
    <ClCompile Include="src\demo\post_ssd.cc">
      <Filter>소스 파일</Filter>
    </ClCompile>
    <ClCompile Include="src\demo\post_yolov5.cc">
      <Filter>소스 파일</Filter>
    </ClCompile>
    <ClCompile Include="src\demo\post_yolov5_face.cc">
      <Filter>소스 파일</Filter>
    </ClCompile>
    <ClCompile Include="src\demo\post_yolov8.cc">
      <Filter>소스 파일</Filter>
    </ClCompile>
    <ClCompile Include="src\demo\post_yolov8_pose.cc">
      <Filter>소스 파일</Filter>
    </ClCompile>
    <ClCompile Include="src\demo\post_yolov8_seg.cc">
      <Filter>소스 파일</Filter>
    </ClCompile>
    <ClCompile Include="src\demo\yaml_util.cc">
      <Filter>소스 파일</Filter>
    </ClCompile>
  </ItemGroup>
</Project>